// !$*UTF8*$!
{
	archiveVersion = 1;
	classes = {
	};
	objectVersion = 46;
	objects = {

/* Begin PBXBuildFile section */
		C34AD9B31DC78CEA00CC3CFD /* NeuralNetwork.cpp in Sources */ = {isa = PBXBuildFile; fileRef = C34AD9B11DC78CEA00CC3CFD /* NeuralNetwork.cpp */; };
		C34AD9B61DC78CF600CC3CFD /* Neuron.cpp in Sources */ = {isa = PBXBuildFile; fileRef = C34AD9B41DC78CF600CC3CFD /* Neuron.cpp */; };
		C34AD9BA1DC78D2000CC3CFD /* main.cpp in Sources */ = {isa = PBXBuildFile; fileRef = C34AD9B91DC78D2000CC3CFD /* main.cpp */; };
/* End PBXBuildFile section */

/* Begin PBXCopyFilesBuildPhase section */
		C34AD9A41DC78C2D00CC3CFD /* CopyFiles */ = {
			isa = PBXCopyFilesBuildPhase;
			buildActionMask = 2147483647;
			dstPath = /usr/share/man/man1/;
			dstSubfolderSpec = 0;
			files = (
			);
			runOnlyForDeploymentPostprocessing = 1;
		};
/* End PBXCopyFilesBuildPhase section */

/* Begin PBXFileReference section */
		C34AD9A61DC78C2D00CC3CFD /* neural */ = {isa = PBXFileReference; explicitFileType = "compiled.mach-o.executable"; includeInIndex = 0; path = neural; sourceTree = BUILT_PRODUCTS_DIR; };
		C34AD9B11DC78CEA00CC3CFD /* NeuralNetwork.cpp */ = {isa = PBXFileReference; fileEncoding = 4; lastKnownFileType = sourcecode.cpp.cpp; path = NeuralNetwork.cpp; sourceTree = "<group>"; };
		C34AD9B21DC78CEA00CC3CFD /* NeuralNetwork.h */ = {isa = PBXFileReference; fileEncoding = 4; lastKnownFileType = sourcecode.c.h; path = NeuralNetwork.h; sourceTree = "<group>"; };
		C34AD9B41DC78CF600CC3CFD /* Neuron.cpp */ = {isa = PBXFileReference; fileEncoding = 4; lastKnownFileType = sourcecode.cpp.cpp; path = Neuron.cpp; sourceTree = "<group>"; };
		C34AD9B51DC78CF600CC3CFD /* Neuron.h */ = {isa = PBXFileReference; fileEncoding = 4; lastKnownFileType = sourcecode.c.h; path = Neuron.h; sourceTree = "<group>"; };
		C34AD9B71DC78CFF00CC3CFD /* Types.h */ = {isa = PBXFileReference; fileEncoding = 4; lastKnownFileType = sourcecode.c.h; path = Types.h; sourceTree = "<group>"; };
		C34AD9B81DC78D0600CC3CFD /* Data.h */ = {isa = PBXFileReference; fileEncoding = 4; lastKnownFileType = sourcecode.c.h; path = Data.h; sourceTree = "<group>"; };
		C34AD9B91DC78D2000CC3CFD /* main.cpp */ = {isa = PBXFileReference; fileEncoding = 4; lastKnownFileType = sourcecode.cpp.cpp; path = main.cpp; sourceTree = "<group>"; };
/* End PBXFileReference section */

/* Begin PBXFrameworksBuildPhase section */
		C34AD9A31DC78C2D00CC3CFD /* Frameworks */ = {
			isa = PBXFrameworksBuildPhase;
			buildActionMask = 2147483647;
			files = (
			);
			runOnlyForDeploymentPostprocessing = 0;
		};
/* End PBXFrameworksBuildPhase section */

/* Begin PBXGroup section */
		C34AD99D1DC78C2D00CC3CFD = {
			isa = PBXGroup;
			children = (
				C34AD9A81DC78C2D00CC3CFD /* neural */,
				C34AD9A71DC78C2D00CC3CFD /* Products */,
			);
			sourceTree = "<group>";
		};
		C34AD9A71DC78C2D00CC3CFD /* Products */ = {
			isa = PBXGroup;
			children = (
				C34AD9A61DC78C2D00CC3CFD /* neural */,
			);
			name = Products;
			sourceTree = "<group>";
		};
		C34AD9A81DC78C2D00CC3CFD /* neural */ = {
			isa = PBXGroup;
			children = (
				C34AD9B91DC78D2000CC3CFD /* main.cpp */,
				C34AD9B81DC78D0600CC3CFD /* Data.h */,
				C34AD9B71DC78CFF00CC3CFD /* Types.h */,
				C34AD9B41DC78CF600CC3CFD /* Neuron.cpp */,
				C34AD9B51DC78CF600CC3CFD /* Neuron.h */,
				C34AD9B11DC78CEA00CC3CFD /* NeuralNetwork.cpp */,
				C34AD9B21DC78CEA00CC3CFD /* NeuralNetwork.h */,
			);
			path = neural;
			sourceTree = "<group>";
		};
/* End PBXGroup section */

/* Begin PBXNativeTarget section */
		C34AD9A51DC78C2D00CC3CFD /* neural */ = {
			isa = PBXNativeTarget;
			buildConfigurationList = C34AD9AD1DC78C2D00CC3CFD /* Build configuration list for PBXNativeTarget "neural" */;
			buildPhases = (
				C34AD9A21DC78C2D00CC3CFD /* Sources */,
				C34AD9A31DC78C2D00CC3CFD /* Frameworks */,
				C34AD9A41DC78C2D00CC3CFD /* CopyFiles */,
			);
			buildRules = (
			);
			dependencies = (
			);
			name = neural;
			productName = neural;
			productReference = C34AD9A61DC78C2D00CC3CFD /* neural */;
			productType = "com.apple.product-type.tool";
		};
/* End PBXNativeTarget section */

/* Begin PBXProject section */
		C34AD99E1DC78C2D00CC3CFD /* Project object */ = {
			isa = PBXProject;
			attributes = {
				LastUpgradeCheck = 0810;
				ORGANIZATIONNAME = "Tomas Gareau";
				TargetAttributes = {
					C34AD9A51DC78C2D00CC3CFD = {
						CreatedOnToolsVersion = 8.1;
						DevelopmentTeam = 7E57KCJF87;
						ProvisioningStyle = Automatic;
					};
				};
			};
			buildConfigurationList = C34AD9A11DC78C2D00CC3CFD /* Build configuration list for PBXProject "neural" */;
			compatibilityVersion = "Xcode 3.2";
			developmentRegion = English;
			hasScannedForEncodings = 0;
			knownRegions = (
				en,
			);
			mainGroup = C34AD99D1DC78C2D00CC3CFD;
			productRefGroup = C34AD9A71DC78C2D00CC3CFD /* Products */;
			projectDirPath = "";
			projectRoot = "";
			targets = (
				C34AD9A51DC78C2D00CC3CFD /* neural */,
			);
		};
/* End PBXProject section */

/* Begin PBXSourcesBuildPhase section */
		C34AD9A21DC78C2D00CC3CFD /* Sources */ = {
			isa = PBXSourcesBuildPhase;
			buildActionMask = 2147483647;
			files = (
				C34AD9B31DC78CEA00CC3CFD /* NeuralNetwork.cpp in Sources */,
				C34AD9B61DC78CF600CC3CFD /* Neuron.cpp in Sources */,
				C34AD9BA1DC78D2000CC3CFD /* main.cpp in Sources */,
			);
			runOnlyForDeploymentPostprocessing = 0;
		};
/* End PBXSourcesBuildPhase section */

/* Begin XCBuildConfiguration section */
		C34AD9AB1DC78C2D00CC3CFD /* Debug */ = {
			isa = XCBuildConfiguration;
			buildSettings = {
				ALWAYS_SEARCH_USER_PATHS = NO;
				CLANG_ANALYZER_NONNULL = YES;
				CLANG_CXX_LANGUAGE_STANDARD = "gnu++0x";
				CLANG_CXX_LIBRARY = "libc++";
				CLANG_ENABLE_MODULES = YES;
				CLANG_ENABLE_OBJC_ARC = YES;
				CLANG_WARN_BOOL_CONVERSION = YES;
				CLANG_WARN_CONSTANT_CONVERSION = YES;
				CLANG_WARN_DIRECT_OBJC_ISA_USAGE = YES_ERROR;
				CLANG_WARN_DOCUMENTATION_COMMENTS = YES;
				CLANG_WARN_EMPTY_BODY = YES;
				CLANG_WARN_ENUM_CONVERSION = YES;
				CLANG_WARN_INFINITE_RECURSION = YES;
				CLANG_WARN_INT_CONVERSION = YES;
				CLANG_WARN_OBJC_ROOT_CLASS = YES_ERROR;
				CLANG_WARN_SUSPICIOUS_MOVES = YES;
				CLANG_WARN_UNREACHABLE_CODE = YES;
				CLANG_WARN__DUPLICATE_METHOD_MATCH = YES;
				CODE_SIGN_IDENTITY = "-";
				COPY_PHASE_STRIP = NO;
				DEBUG_INFORMATION_FORMAT = dwarf;
				ENABLE_STRICT_OBJC_MSGSEND = YES;
				ENABLE_TESTABILITY = YES;
				GCC_C_LANGUAGE_STANDARD = gnu99;
				GCC_DYNAMIC_NO_PIC = NO;
				GCC_NO_COMMON_BLOCKS = YES;
				GCC_OPTIMIZATION_LEVEL = 0;
				GCC_PREPROCESSOR_DEFINITIONS = (
					"DEBUG=1",
					"$(inherited)",
				);
				GCC_WARN_64_TO_32_BIT_CONVERSION = YES;
				GCC_WARN_ABOUT_RETURN_TYPE = YES_ERROR;
				GCC_WARN_UNDECLARED_SELECTOR = YES;
				GCC_WARN_UNINITIALIZED_AUTOS = YES_AGGRESSIVE;
				GCC_WARN_UNUSED_FUNCTION = YES;
				GCC_WARN_UNUSED_VARIABLE = YES;
				MACOSX_DEPLOYMENT_TARGET = 10.12;
				MTL_ENABLE_DEBUG_INFO = YES;
				ONLY_ACTIVE_ARCH = YES;
				SDKROOT = macosx;
			};
			name = Debug;
		};
		C34AD9AC1DC78C2D00CC3CFD /* Release */ = {
			isa = XCBuildConfiguration;
			buildSettings = {
				ALWAYS_SEARCH_USER_PATHS = NO;
				CLANG_ANALYZER_NONNULL = YES;
				CLANG_CXX_LANGUAGE_STANDARD = "gnu++0x";
				CLANG_CXX_LIBRARY = "libc++";
				CLANG_ENABLE_MODULES = YES;
				CLANG_ENABLE_OBJC_ARC = YES;
				CLANG_WARN_BOOL_CONVERSION = YES;
				CLANG_WARN_CONSTANT_CONVERSION = YES;
				CLANG_WARN_DIRECT_OBJC_ISA_USAGE = YES_ERROR;
				CLANG_WARN_DOCUMENTATION_COMMENTS = YES;
				CLANG_WARN_EMPTY_BODY = YES;
				CLANG_WARN_ENUM_CONVERSION = YES;
				CLANG_WARN_INFINITE_RECURSION = YES;
				CLANG_WARN_INT_CONVERSION = YES;
				CLANG_WARN_OBJC_ROOT_CLASS = YES_ERROR;
				CLANG_WARN_SUSPICIOUS_MOVES = YES;
				CLANG_WARN_UNREACHABLE_CODE = YES;
				CLANG_WARN__DUPLICATE_METHOD_MATCH = YES;
				CODE_SIGN_IDENTITY = "-";
				COPY_PHASE_STRIP = NO;
				DEBUG_INFORMATION_FORMAT = "dwarf-with-dsym";
				ENABLE_NS_ASSERTIONS = NO;
				ENABLE_STRICT_OBJC_MSGSEND = YES;
				GCC_C_LANGUAGE_STANDARD = gnu99;
				GCC_NO_COMMON_BLOCKS = YES;
				GCC_WARN_64_TO_32_BIT_CONVERSION = YES;
				GCC_WARN_ABOUT_RETURN_TYPE = YES_ERROR;
				GCC_WARN_UNDECLARED_SELECTOR = YES;
				GCC_WARN_UNINITIALIZED_AUTOS = YES_AGGRESSIVE;
				GCC_WARN_UNUSED_FUNCTION = YES;
				GCC_WARN_UNUSED_VARIABLE = YES;
				MACOSX_DEPLOYMENT_TARGET = 10.12;
				MTL_ENABLE_DEBUG_INFO = NO;
				SDKROOT = macosx;
			};
			name = Release;
		};
		C34AD9AE1DC78C2D00CC3CFD /* Debug */ = {
			isa = XCBuildConfiguration;
			buildSettings = {
				DEVELOPMENT_TEAM = 7E57KCJF87;
				PRODUCT_NAME = "$(TARGET_NAME)";
			};
			name = Debug;
		};
		C34AD9AF1DC78C2D00CC3CFD /* Release */ = {
			isa = XCBuildConfiguration;
			buildSettings = {
				DEVELOPMENT_TEAM = 7E57KCJF87;
				PRODUCT_NAME = "$(TARGET_NAME)";
			};
			name = Release;
		};
/* End XCBuildConfiguration section */

/* Begin XCConfigurationList section */
		C34AD9A11DC78C2D00CC3CFD /* Build configuration list for PBXProject "neural" */ = {
			isa = XCConfigurationList;
			buildConfigurations = (
				C34AD9AB1DC78C2D00CC3CFD /* Debug */,
				C34AD9AC1DC78C2D00CC3CFD /* Release */,
			);
			defaultConfigurationIsVisible = 0;
			defaultConfigurationName = Release;
		};
		C34AD9AD1DC78C2D00CC3CFD /* Build configuration list for PBXNativeTarget "neural" */ = {
			isa = XCConfigurationList;
			buildConfigurations = (
				C34AD9AE1DC78C2D00CC3CFD /* Debug */,
				C34AD9AF1DC78C2D00CC3CFD /* Release */,
			);
			defaultConfigurationIsVisible = 0;
		};
/* End XCConfigurationList section */
	};
	rootObject = C34AD99E1DC78C2D00CC3CFD /* Project object */;
}
